
Microsoft Visual Studio Solution File, Format Version 12.00
# Visual Studio 14
VisualStudioVersion = 14.0.23107.0
MinimumVisualStudioVersion = 10.0.40219.1
Project("{FAE04EC0-301F-11D3-BF4B-00C04F79EFBC}") = "ConsoleApplication1", "ConsoleApplication1\ConsoleApplication1.csproj", "{E8149A19-1C17-47AC-836F-A98B53F2C0AC}"
EndProject
Project("{FAE04EC0-301F-11D3-BF4B-00C04F79EFBC}") = "Event", "Event\Event.csproj", "{0D7DE263-C5AB-4BF5-89FE-372D89AC6B14}"
EndProject
Global
	GlobalSection(SolutionConfigurationPlatforms) = preSolution
		Debug|Any CPU = Debug|Any CPU
		Release|Any CPU = Release|Any CPU
	EndGlobalSection
	GlobalSection(ProjectConfigurationPlatforms) = postSolution
		{E8149A19-1C17-47AC-836F-A98B53F2C0AC}.Debug|Any CPU.ActiveCfg = Debug|Any CPU
		{E8149A19-1C17-47AC-836F-A98B53F2C0AC}.Debug|Any CPU.Build.0 = Debug|Any CPU
		{E8149A19-1C17-47AC-836F-A98B53F2C0AC}.Release|Any CPU.ActiveCfg = Release|Any CPU
		{E8149A19-1C17-47AC-836F-A98B53F2C0AC}.Release|Any CPU.Build.0 = Release|Any CPU
		{0D7DE263-C5AB-4BF5-89FE-372D89AC6B14}.Debug|Any CPU.ActiveCfg = Debug|Any CPU
		{0D7DE263-C5AB-4BF5-89FE-372D89AC6B14}.Debug|Any CPU.Build.0 = Debug|Any CPU
		{0D7DE263-C5AB-4BF5-89FE-372D89AC6B14}.Release|Any CPU.ActiveCfg = Release|Any CPU
		{0D7DE263-C5AB-4BF5-89FE-372D89AC6B14}.Release|Any CPU.Build.0 = Release|Any CPU
	EndGlobalSection
	GlobalSection(SolutionProperties) = preSolution
		HideSolutionNode = FALSE
	EndGlobalSection
EndGlobal
